
Microsoft Visual Studio Solution File, Format Version 12.00
# Visual Studio Version 16
VisualStudioVersion = 16.0.30523.141
MinimumVisualStudioVersion = 10.0.40219.1
Project("{FAE04EC0-301F-11D3-BF4B-00C04F79EFBC}") = "DBProject_github", "DBProject_github.csproj", "{C7E412ED-BA8F-4D4F-8C2B-281F960E228A}"
EndProject
Global
	GlobalSection(SolutionConfigurationPlatforms) = preSolution
		Debug|Any CPU = Debug|Any CPU
		Release|Any CPU = Release|Any CPU
	EndGlobalSection
	GlobalSection(ProjectConfigurationPlatforms) = postSolution
		{C7E412ED-BA8F-4D4F-8C2B-281F960E228A}.Debug|Any CPU.ActiveCfg = Debug|Any CPU
		{C7E412ED-BA8F-4D4F-8C2B-281F960E228A}.Debug|Any CPU.Build.0 = Debug|Any CPU
		{C7E412ED-BA8F-4D4F-8C2B-281F960E228A}.Release|Any CPU.ActiveCfg = Release|Any CPU
		{C7E412ED-BA8F-4D4F-8C2B-281F960E228A}.Release|Any CPU.Build.0 = Release|Any CPU
	EndGlobalSection
	GlobalSection(SolutionProperties) = preSolution
		HideSolutionNode = FALSE
	EndGlobalSection
	GlobalSection(ExtensibilityGlobals) = postSolution
		SolutionGuid = {CF781A18-3B77-43D9-B60C-47632C769873}
	EndGlobalSection
EndGlobal
